
Microsoft Visual Studio Solution File, Format Version 12.00
# Visual Studio 2012
Project("{FAE04EC0-301F-11D3-BF4B-00C04F79EFBC}") = "MetaphysicsIndustries.Giza.Cpp", "MetaphysicsIndustries.Giza.Cpp.csproj", "{C5C545B2-E766-46F0-A3F5-7CA0FE7ADD09}"
EndProject
Global
	GlobalSection(SolutionConfigurationPlatforms) = preSolution
		Debug|Any CPU = Debug|Any CPU
		Release|Any CPU = Release|Any CPU
	EndGlobalSection
	GlobalSection(ProjectConfigurationPlatforms) = postSolution
		{C5C545B2-E766-46F0-A3F5-7CA0FE7ADD09}.Debug|Any CPU.ActiveCfg = Debug|Any CPU
		{C5C545B2-E766-46F0-A3F5-7CA0FE7ADD09}.Debug|Any CPU.Build.0 = Debug|Any CPU
		{C5C545B2-E766-46F0-A3F5-7CA0FE7ADD09}.Release|Any CPU.ActiveCfg = Release|Any CPU
		{C5C545B2-E766-46F0-A3F5-7CA0FE7ADD09}.Release|Any CPU.Build.0 = Release|Any CPU
	EndGlobalSection
	GlobalSection(MonoDevelopProperties) = preSolution
		StartupItem = MetaphysicsIndustries.Giza.Cpp.csproj
	EndGlobalSection
EndGlobal
